// !$*UTF8*$!
{
	archiveVersion = 1;
	classes = {
	};
	objectVersion = 56;
	objects = {

/* Begin PBXBuildFile section */
		A1BD90152A2753F5007593F1 /* TaskViewModel.swift in Sources */ = {isa = PBXBuildFile; fileRef = A1BD90142A2753F5007593F1 /* TaskViewModel.swift */; };
		A1BD901B2A279394007593F1 /* ItemExtension.swift in Sources */ = {isa = PBXBuildFile; fileRef = A1BD901A2A279394007593F1 /* ItemExtension.swift */; };
		A1E5671529B0AD9B00C86AD5 /* ColorPickerView.swift in Sources */ = {isa = PBXBuildFile; fileRef = A1E5671429B0AD9B00C86AD5 /* ColorPickerView.swift */; };
		A1E5671729B0AE1400C86AD5 /* Constants.swift in Sources */ = {isa = PBXBuildFile; fileRef = A1E5671629B0AE1400C86AD5 /* Constants.swift */; };
		A1E5671929B0B1B000C86AD5 /* SplashView.swift in Sources */ = {isa = PBXBuildFile; fileRef = A1E5671829B0B1B000C86AD5 /* SplashView.swift */; };
		EF078E16296579E30072E248 /* ToDoAdvancedApp.swift in Sources */ = {isa = PBXBuildFile; fileRef = EF078E15296579E30072E248 /* ToDoAdvancedApp.swift */; };
		EF078E18296579E30072E248 /* ContentView.swift in Sources */ = {isa = PBXBuildFile; fileRef = EF078E17296579E30072E248 /* ContentView.swift */; };
		EF078E1A296579E40072E248 /* Assets.xcassets in Resources */ = {isa = PBXBuildFile; fileRef = EF078E19296579E40072E248 /* Assets.xcassets */; };
		EF078E1D296579E40072E248 /* Preview Assets.xcassets in Resources */ = {isa = PBXBuildFile; fileRef = EF078E1C296579E40072E248 /* Preview Assets.xcassets */; };
		EF078E1F296579E40072E248 /* Persistence.swift in Sources */ = {isa = PBXBuildFile; fileRef = EF078E1E296579E40072E248 /* Persistence.swift */; };
		EF078E22296579E40072E248 /* ToDoAdvanced.xcdatamodeld in Sources */ = {isa = PBXBuildFile; fileRef = EF078E20296579E40072E248 /* ToDoAdvanced.xcdatamodeld */; };
		EF078E45296585790072E248 /* TaskDetailView.swift in Sources */ = {isa = PBXBuildFile; fileRef = EF078E44296585790072E248 /* TaskDetailView.swift */; };
		EF078E47296586970072E248 /* AddTaskView.swift in Sources */ = {isa = PBXBuildFile; fileRef = EF078E46296586970072E248 /* AddTaskView.swift */; };
		EF7BC62C29682B1D0011E2D3 /* Task.swift in Sources */ = {isa = PBXBuildFile; fileRef = EF7BC62B29682B1D0011E2D3 /* Task.swift */; };
		EF7BC62E29684FB40011E2D3 /* NotificationManager.swift in Sources */ = {isa = PBXBuildFile; fileRef = EF7BC62D29684FB40011E2D3 /* NotificationManager.swift */; };
		EF7BC6302968506F0011E2D3 /* NotificationHelper.swift in Sources */ = {isa = PBXBuildFile; fileRef = EF7BC62F2968506F0011E2D3 /* NotificationHelper.swift */; };
		EF88A2892A4247AD003841E9 /* TaskFilter.swift in Sources */ = {isa = PBXBuildFile; fileRef = EF88A2882A4247AD003841E9 /* TaskFilter.swift */; };
		EF9A864C2C441574009F6A7E /* SideBarView.swift in Sources */ = {isa = PBXBuildFile; fileRef = EF9A864B2C441574009F6A7E /* SideBarView.swift */; };
		EF9A864E2C4415E1009F6A7E /* TaskListView.swift in Sources */ = {isa = PBXBuildFile; fileRef = EF9A864D2C4415E1009F6A7E /* TaskListView.swift */; };
		EF9A86502C441DAD009F6A7E /* SplitView.swift in Sources */ = {isa = PBXBuildFile; fileRef = EF9A864F2C441DAD009F6A7E /* SplitView.swift */; };
		EFB8283F2A642A69004E88FB /* ToDoAdvancedTests.swift in Sources */ = {isa = PBXBuildFile; fileRef = EFB8283E2A642A69004E88FB /* ToDoAdvancedTests.swift */; };
/* End PBXBuildFile section */

/* Begin PBXContainerItemProxy section */
		EFB828402A642A69004E88FB /* PBXContainerItemProxy */ = {
			isa = PBXContainerItemProxy;
			containerPortal = EF078E0A296579E30072E248 /* Project object */;
			proxyType = 1;
			remoteGlobalIDString = EF078E11296579E30072E248;
			remoteInfo = ToDoAdvanced;
		};
/* End PBXContainerItemProxy section */

/* Begin PBXFileReference section */
		A1BD90142A2753F5007593F1 /* TaskViewModel.swift */ = {isa = PBXFileReference; lastKnownFileType = sourcecode.swift; path = TaskViewModel.swift; sourceTree = "<group>"; };
		A1BD90182A27713F007593F1 /* ToDoAdvanced.entitlements */ = {isa = PBXFileReference; lastKnownFileType = text.plist.entitlements; path = ToDoAdvanced.entitlements; sourceTree = "<group>"; };
		A1BD90192A27716A007593F1 /* Info.plist */ = {isa = PBXFileReference; lastKnownFileType = text.plist; path = Info.plist; sourceTree = "<group>"; };
		A1BD901A2A279394007593F1 /* ItemExtension.swift */ = {isa = PBXFileReference; lastKnownFileType = sourcecode.swift; path = ItemExtension.swift; sourceTree = "<group>"; };
		A1E5671429B0AD9B00C86AD5 /* ColorPickerView.swift */ = {isa = PBXFileReference; lastKnownFileType = sourcecode.swift; path = ColorPickerView.swift; sourceTree = "<group>"; };
		A1E5671629B0AE1400C86AD5 /* Constants.swift */ = {isa = PBXFileReference; lastKnownFileType = sourcecode.swift; path = Constants.swift; sourceTree = "<group>"; };
		A1E5671829B0B1B000C86AD5 /* SplashView.swift */ = {isa = PBXFileReference; lastKnownFileType = sourcecode.swift; path = SplashView.swift; sourceTree = "<group>"; };
		EF078E12296579E30072E248 /* ToDoAdvanced.app */ = {isa = PBXFileReference; explicitFileType = wrapper.application; includeInIndex = 0; path = ToDoAdvanced.app; sourceTree = BUILT_PRODUCTS_DIR; };
		EF078E15296579E30072E248 /* ToDoAdvancedApp.swift */ = {isa = PBXFileReference; lastKnownFileType = sourcecode.swift; path = ToDoAdvancedApp.swift; sourceTree = "<group>"; };
		EF078E17296579E30072E248 /* ContentView.swift */ = {isa = PBXFileReference; lastKnownFileType = sourcecode.swift; path = ContentView.swift; sourceTree = "<group>"; };
		EF078E19296579E40072E248 /* Assets.xcassets */ = {isa = PBXFileReference; lastKnownFileType = folder.assetcatalog; path = Assets.xcassets; sourceTree = "<group>"; };
		EF078E1C296579E40072E248 /* Preview Assets.xcassets */ = {isa = PBXFileReference; lastKnownFileType = folder.assetcatalog; path = "Preview Assets.xcassets"; sourceTree = "<group>"; };
		EF078E1E296579E40072E248 /* Persistence.swift */ = {isa = PBXFileReference; lastKnownFileType = sourcecode.swift; path = Persistence.swift; sourceTree = "<group>"; };
		EF078E21296579E40072E248 /* ToDoAdvanced.xcdatamodel */ = {isa = PBXFileReference; lastKnownFileType = wrapper.xcdatamodel; path = ToDoAdvanced.xcdatamodel; sourceTree = "<group>"; };
		EF078E44296585790072E248 /* TaskDetailView.swift */ = {isa = PBXFileReference; lastKnownFileType = sourcecode.swift; path = TaskDetailView.swift; sourceTree = "<group>"; };
		EF078E46296586970072E248 /* AddTaskView.swift */ = {isa = PBXFileReference; lastKnownFileType = sourcecode.swift; path = AddTaskView.swift; sourceTree = "<group>"; };
		EF7BC62B29682B1D0011E2D3 /* Task.swift */ = {isa = PBXFileReference; lastKnownFileType = sourcecode.swift; path = Task.swift; sourceTree = "<group>"; };
		EF7BC62D29684FB40011E2D3 /* NotificationManager.swift */ = {isa = PBXFileReference; lastKnownFileType = sourcecode.swift; path = NotificationManager.swift; sourceTree = "<group>"; };
		EF7BC62F2968506F0011E2D3 /* NotificationHelper.swift */ = {isa = PBXFileReference; lastKnownFileType = sourcecode.swift; path = NotificationHelper.swift; sourceTree = "<group>"; };
		EF88A2882A4247AD003841E9 /* TaskFilter.swift */ = {isa = PBXFileReference; lastKnownFileType = sourcecode.swift; path = TaskFilter.swift; sourceTree = "<group>"; };
		EF9A864B2C441574009F6A7E /* SideBarView.swift */ = {isa = PBXFileReference; lastKnownFileType = sourcecode.swift; path = SideBarView.swift; sourceTree = "<group>"; };
		EF9A864D2C4415E1009F6A7E /* TaskListView.swift */ = {isa = PBXFileReference; lastKnownFileType = sourcecode.swift; path = TaskListView.swift; sourceTree = "<group>"; };
		EF9A864F2C441DAD009F6A7E /* SplitView.swift */ = {isa = PBXFileReference; lastKnownFileType = sourcecode.swift; path = SplitView.swift; sourceTree = "<group>"; };
		EFB8283C2A642A69004E88FB /* ToDoAdvancedTests.xctest */ = {isa = PBXFileReference; explicitFileType = wrapper.cfbundle; includeInIndex = 0; path = ToDoAdvancedTests.xctest; sourceTree = BUILT_PRODUCTS_DIR; };
		EFB8283E2A642A69004E88FB /* ToDoAdvancedTests.swift */ = {isa = PBXFileReference; lastKnownFileType = sourcecode.swift; path = ToDoAdvancedTests.swift; sourceTree = "<group>"; };
/* End PBXFileReference section */

/* Begin PBXFrameworksBuildPhase section */
		EF078E0F296579E30072E248 /* Frameworks */ = {
			isa = PBXFrameworksBuildPhase;
			buildActionMask = 2147483647;
			files = (
			);
			runOnlyForDeploymentPostprocessing = 0;
		};
		EFB828392A642A69004E88FB /* Frameworks */ = {
			isa = PBXFrameworksBuildPhase;
			buildActionMask = 2147483647;
			files = (
			);
			runOnlyForDeploymentPostprocessing = 0;
		};
/* End PBXFrameworksBuildPhase section */

/* Begin PBXGroup section */
		EF078E09296579E30072E248 = {
			isa = PBXGroup;
			children = (
				EF078E14296579E30072E248 /* ToDoAdvanced */,
				EFB8283D2A642A69004E88FB /* ToDoAdvancedTests */,
				EF078E13296579E30072E248 /* Products */,
			);
			sourceTree = "<group>";
		};
		EF078E13296579E30072E248 /* Products */ = {
			isa = PBXGroup;
			children = (
				EF078E12296579E30072E248 /* ToDoAdvanced.app */,
				EFB8283C2A642A69004E88FB /* ToDoAdvancedTests.xctest */,
			);
			name = Products;
			sourceTree = "<group>";
		};
		EF078E14296579E30072E248 /* ToDoAdvanced */ = {
			isa = PBXGroup;
			children = (
				A1BD90192A27716A007593F1 /* Info.plist */,
				A1BD90182A27713F007593F1 /* ToDoAdvanced.entitlements */,
				EF078E15296579E30072E248 /* ToDoAdvancedApp.swift */,
				EF7BC62A29682AF80011E2D3 /* Model */,
				EF7BC62929682ADA0011E2D3 /* View */,
				EF7BC631296871180011E2D3 /* ViewModel */,
				EF078E19296579E40072E248 /* Assets.xcassets */,
				EF078E1E296579E40072E248 /* Persistence.swift */,
				EF078E20296579E40072E248 /* ToDoAdvanced.xcdatamodeld */,
				EF078E1B296579E40072E248 /* Preview Content */,
			);
			path = ToDoAdvanced;
			sourceTree = "<group>";
		};
		EF078E1B296579E40072E248 /* Preview Content */ = {
			isa = PBXGroup;
			children = (
				EF078E1C296579E40072E248 /* Preview Assets.xcassets */,
			);
			path = "Preview Content";
			sourceTree = "<group>";
		};
		EF7BC62929682ADA0011E2D3 /* View */ = {
			isa = PBXGroup;
			children = (
				A1E5671829B0B1B000C86AD5 /* SplashView.swift */,
				EF078E17296579E30072E248 /* ContentView.swift */,
				EF078E44296585790072E248 /* TaskDetailView.swift */,
				EF078E46296586970072E248 /* AddTaskView.swift */,
				A1E5671429B0AD9B00C86AD5 /* ColorPickerView.swift */,
				EF9A864B2C441574009F6A7E /* SideBarView.swift */,
				EF9A864D2C4415E1009F6A7E /* TaskListView.swift */,
				EF9A864F2C441DAD009F6A7E /* SplitView.swift */,
			);
			path = View;
			sourceTree = "<group>";
		};
		EF7BC62A29682AF80011E2D3 /* Model */ = {
			isa = PBXGroup;
			children = (
				EF7BC62B29682B1D0011E2D3 /* Task.swift */,
				A1E5671629B0AE1400C86AD5 /* Constants.swift */,
			);
			path = Model;
			sourceTree = "<group>";
		};
		EF7BC631296871180011E2D3 /* ViewModel */ = {
			isa = PBXGroup;
			children = (
				EF7BC62F2968506F0011E2D3 /* NotificationHelper.swift */,
				EF7BC62D29684FB40011E2D3 /* NotificationManager.swift */,
				A1BD90142A2753F5007593F1 /* TaskViewModel.swift */,
				EF88A2882A4247AD003841E9 /* TaskFilter.swift */,
				A1BD901A2A279394007593F1 /* ItemExtension.swift */,
			);
			path = ViewModel;
			sourceTree = "<group>";
		};
		EFB8283D2A642A69004E88FB /* ToDoAdvancedTests */ = {
			isa = PBXGroup;
			children = (
				EFB8283E2A642A69004E88FB /* ToDoAdvancedTests.swift */,
			);
			path = ToDoAdvancedTests;
			sourceTree = "<group>";
		};
/* End PBXGroup section */

/* Begin PBXNativeTarget section */
		EF078E11296579E30072E248 /* ToDoAdvanced */ = {
			isa = PBXNativeTarget;
			buildConfigurationList = EF078E3B296579E40072E248 /* Build configuration list for PBXNativeTarget "ToDoAdvanced" */;
			buildPhases = (
				EF078E0E296579E30072E248 /* Sources */,
				EF078E0F296579E30072E248 /* Frameworks */,
				EF078E10296579E30072E248 /* Resources */,
			);
			buildRules = (
			);
			dependencies = (
			);
			name = ToDoAdvanced;
			productName = ToDoAdvanced;
			productReference = EF078E12296579E30072E248 /* ToDoAdvanced.app */;
			productType = "com.apple.product-type.application";
		};
		EFB8283B2A642A69004E88FB /* ToDoAdvancedTests */ = {
			isa = PBXNativeTarget;
			buildConfigurationList = EFB828422A642A69004E88FB /* Build configuration list for PBXNativeTarget "ToDoAdvancedTests" */;
			buildPhases = (
				EFB828382A642A69004E88FB /* Sources */,
				EFB828392A642A69004E88FB /* Frameworks */,
				EFB8283A2A642A69004E88FB /* Resources */,
			);
			buildRules = (
			);
			dependencies = (
				EFB828412A642A69004E88FB /* PBXTargetDependency */,
			);
			name = ToDoAdvancedTests;
			productName = ToDoAdvancedTests;
			productReference = EFB8283C2A642A69004E88FB /* ToDoAdvancedTests.xctest */;
			productType = "com.apple.product-type.bundle.unit-test";
		};
/* End PBXNativeTarget section */

/* Begin PBXProject section */
		EF078E0A296579E30072E248 /* Project object */ = {
			isa = PBXProject;
			attributes = {
				BuildIndependentTargetsInParallel = 1;
				LastSwiftUpdateCheck = 1430;
				LastUpgradeCheck = 1420;
				TargetAttributes = {
					EF078E11296579E30072E248 = {
						CreatedOnToolsVersion = 14.2;
					};
					EFB8283B2A642A69004E88FB = {
						CreatedOnToolsVersion = 14.3.1;
						TestTargetID = EF078E11296579E30072E248;
					};
				};
			};
			buildConfigurationList = EF078E0D296579E30072E248 /* Build configuration list for PBXProject "ToDoAdvanced" */;
			compatibilityVersion = "Xcode 14.0";
			developmentRegion = en;
			hasScannedForEncodings = 0;
			knownRegions = (
				en,
				Base,
			);
			mainGroup = EF078E09296579E30072E248;
			productRefGroup = EF078E13296579E30072E248 /* Products */;
			projectDirPath = "";
			projectRoot = "";
			targets = (
				EF078E11296579E30072E248 /* ToDoAdvanced */,
				EFB8283B2A642A69004E88FB /* ToDoAdvancedTests */,
			);
		};
/* End PBXProject section */

/* Begin PBXResourcesBuildPhase section */
		EF078E10296579E30072E248 /* Resources */ = {
			isa = PBXResourcesBuildPhase;
			buildActionMask = 2147483647;
			files = (
				EF078E1D296579E40072E248 /* Preview Assets.xcassets in Resources */,
				EF078E1A296579E40072E248 /* Assets.xcassets in Resources */,
			);
			runOnlyForDeploymentPostprocessing = 0;
		};
		EFB8283A2A642A69004E88FB /* Resources */ = {
			isa = PBXResourcesBuildPhase;
			buildActionMask = 2147483647;
			files = (
			);
			runOnlyForDeploymentPostprocessing = 0;
		};
/* End PBXResourcesBuildPhase section */

/* Begin PBXSourcesBuildPhase section */
		EF078E0E296579E30072E248 /* Sources */ = {
			isa = PBXSourcesBuildPhase;
			buildActionMask = 2147483647;
			files = (
				EF7BC62C29682B1D0011E2D3 /* Task.swift in Sources */,
				EF9A864C2C441574009F6A7E /* SideBarView.swift in Sources */,
				A1E5671729B0AE1400C86AD5 /* Constants.swift in Sources */,
				EF078E1F296579E40072E248 /* Persistence.swift in Sources */,
				EF078E22296579E40072E248 /* ToDoAdvanced.xcdatamodeld in Sources */,
				EF9A86502C441DAD009F6A7E /* SplitView.swift in Sources */,
				EF7BC6302968506F0011E2D3 /* NotificationHelper.swift in Sources */,
				A1E5671929B0B1B000C86AD5 /* SplashView.swift in Sources */,
				A1BD90152A2753F5007593F1 /* TaskViewModel.swift in Sources */,
				EF88A2892A4247AD003841E9 /* TaskFilter.swift in Sources */,
				A1E5671529B0AD9B00C86AD5 /* ColorPickerView.swift in Sources */,
				EF078E18296579E30072E248 /* ContentView.swift in Sources */,
				EF078E47296586970072E248 /* AddTaskView.swift in Sources */,
				EF9A864E2C4415E1009F6A7E /* TaskListView.swift in Sources */,
				EF078E16296579E30072E248 /* ToDoAdvancedApp.swift in Sources */,
				A1BD901B2A279394007593F1 /* ItemExtension.swift in Sources */,
				EF7BC62E29684FB40011E2D3 /* NotificationManager.swift in Sources */,
				EF078E45296585790072E248 /* TaskDetailView.swift in Sources */,
			);
			runOnlyForDeploymentPostprocessing = 0;
		};
		EFB828382A642A69004E88FB /* Sources */ = {
			isa = PBXSourcesBuildPhase;
			buildActionMask = 2147483647;
			files = (
				EFB8283F2A642A69004E88FB /* ToDoAdvancedTests.swift in Sources */,
			);
			runOnlyForDeploymentPostprocessing = 0;
		};
/* End PBXSourcesBuildPhase section */

/* Begin PBXTargetDependency section */
		EFB828412A642A69004E88FB /* PBXTargetDependency */ = {
			isa = PBXTargetDependency;
			target = EF078E11296579E30072E248 /* ToDoAdvanced */;
			targetProxy = EFB828402A642A69004E88FB /* PBXContainerItemProxy */;
		};
/* End PBXTargetDependency section */

/* Begin XCBuildConfiguration section */
		EF078E39296579E40072E248 /* Debug */ = {
			isa = XCBuildConfiguration;
			buildSettings = {
				ALWAYS_SEARCH_USER_PATHS = NO;
				CLANG_ANALYZER_NONNULL = YES;
				CLANG_ANALYZER_NUMBER_OBJECT_CONVERSION = YES_AGGRESSIVE;
				CLANG_CXX_LANGUAGE_STANDARD = "gnu++20";
				CLANG_ENABLE_MODULES = YES;
				CLANG_ENABLE_OBJC_ARC = YES;
				CLANG_ENABLE_OBJC_WEAK = YES;
				CLANG_WARN_BLOCK_CAPTURE_AUTORELEASING = YES;
				CLANG_WARN_BOOL_CONVERSION = YES;
				CLANG_WARN_COMMA = YES;
				CLANG_WARN_CONSTANT_CONVERSION = YES;
				CLANG_WARN_DEPRECATED_OBJC_IMPLEMENTATIONS = YES;
				CLANG_WARN_DIRECT_OBJC_ISA_USAGE = YES_ERROR;
				CLANG_WARN_DOCUMENTATION_COMMENTS = YES;
				CLANG_WARN_EMPTY_BODY = YES;
				CLANG_WARN_ENUM_CONVERSION = YES;
				CLANG_WARN_INFINITE_RECURSION = YES;
				CLANG_WARN_INT_CONVERSION = YES;
				CLANG_WARN_NON_LITERAL_NULL_CONVERSION = YES;
				CLANG_WARN_OBJC_IMPLICIT_RETAIN_SELF = YES;
				CLANG_WARN_OBJC_LITERAL_CONVERSION = YES;
				CLANG_WARN_OBJC_ROOT_CLASS = YES_ERROR;
				CLANG_WARN_QUOTED_INCLUDE_IN_FRAMEWORK_HEADER = YES;
				CLANG_WARN_RANGE_LOOP_ANALYSIS = YES;
				CLANG_WARN_STRICT_PROTOTYPES = YES;
				CLANG_WARN_SUSPICIOUS_MOVE = YES;
				CLANG_WARN_UNGUARDED_AVAILABILITY = YES_AGGRESSIVE;
				CLANG_WARN_UNREACHABLE_CODE = YES;
				CLANG_WARN__DUPLICATE_METHOD_MATCH = YES;
				COPY_PHASE_STRIP = NO;
				DEBUG_INFORMATION_FORMAT = dwarf;
				ENABLE_STRICT_OBJC_MSGSEND = YES;
				ENABLE_TESTABILITY = YES;
				GCC_C_LANGUAGE_STANDARD = gnu11;
				GCC_DYNAMIC_NO_PIC = NO;
				GCC_NO_COMMON_BLOCKS = YES;
				GCC_OPTIMIZATION_LEVEL = 0;
				GCC_PREPROCESSOR_DEFINITIONS = (
					"DEBUG=1",
					"$(inherited)",
				);
				GCC_WARN_64_TO_32_BIT_CONVERSION = YES;
				GCC_WARN_ABOUT_RETURN_TYPE = YES_ERROR;
				GCC_WARN_UNDECLARED_SELECTOR = YES;
				GCC_WARN_UNINITIALIZED_AUTOS = YES_AGGRESSIVE;
				GCC_WARN_UNUSED_FUNCTION = YES;
				GCC_WARN_UNUSED_VARIABLE = YES;
				IPHONEOS_DEPLOYMENT_TARGET = 16.0;
				MTL_ENABLE_DEBUG_INFO = INCLUDE_SOURCE;
				MTL_FAST_MATH = YES;
				ONLY_ACTIVE_ARCH = YES;
				SDKROOT = iphoneos;
				SWIFT_ACTIVE_COMPILATION_CONDITIONS = DEBUG;
				SWIFT_OPTIMIZATION_LEVEL = "-Onone";
			};
			name = Debug;
		};
		EF078E3A296579E40072E248 /* Release */ = {
			isa = XCBuildConfiguration;
			buildSettings = {
				ALWAYS_SEARCH_USER_PATHS = NO;
				CLANG_ANALYZER_NONNULL = YES;
				CLANG_ANALYZER_NUMBER_OBJECT_CONVERSION = YES_AGGRESSIVE;
				CLANG_CXX_LANGUAGE_STANDARD = "gnu++20";
				CLANG_ENABLE_MODULES = YES;
				CLANG_ENABLE_OBJC_ARC = YES;
				CLANG_ENABLE_OBJC_WEAK = YES;
				CLANG_WARN_BLOCK_CAPTURE_AUTORELEASING = YES;
				CLANG_WARN_BOOL_CONVERSION = YES;
				CLANG_WARN_COMMA = YES;
				CLANG_WARN_CONSTANT_CONVERSION = YES;
				CLANG_WARN_DEPRECATED_OBJC_IMPLEMENTATIONS = YES;
				CLANG_WARN_DIRECT_OBJC_ISA_USAGE = YES_ERROR;
				CLANG_WARN_DOCUMENTATION_COMMENTS = YES;
				CLANG_WARN_EMPTY_BODY = YES;
				CLANG_WARN_ENUM_CONVERSION = YES;
				CLANG_WARN_INFINITE_RECURSION = YES;
				CLANG_WARN_INT_CONVERSION = YES;
				CLANG_WARN_NON_LITERAL_NULL_CONVERSION = YES;
				CLANG_WARN_OBJC_IMPLICIT_RETAIN_SELF = YES;
				CLANG_WARN_OBJC_LITERAL_CONVERSION = YES;
				CLANG_WARN_OBJC_ROOT_CLASS = YES_ERROR;
				CLANG_WARN_QUOTED_INCLUDE_IN_FRAMEWORK_HEADER = YES;
				CLANG_WARN_RANGE_LOOP_ANALYSIS = YES;
				CLANG_WARN_STRICT_PROTOTYPES = YES;
				CLANG_WARN_SUSPICIOUS_MOVE = YES;
				CLANG_WARN_UNGUARDED_AVAILABILITY = YES_AGGRESSIVE;
				CLANG_WARN_UNREACHABLE_CODE = YES;
				CLANG_WARN__DUPLICATE_METHOD_MATCH = YES;
				COPY_PHASE_STRIP = NO;
				DEBUG_INFORMATION_FORMAT = "dwarf-with-dsym";
				ENABLE_NS_ASSERTIONS = NO;
				ENABLE_STRICT_OBJC_MSGSEND = YES;
				GCC_C_LANGUAGE_STANDARD = gnu11;
				GCC_NO_COMMON_BLOCKS = YES;
				GCC_WARN_64_TO_32_BIT_CONVERSION = YES;
				GCC_WARN_ABOUT_RETURN_TYPE = YES_ERROR;
				GCC_WARN_UNDECLARED_SELECTOR = YES;
				GCC_WARN_UNINITIALIZED_AUTOS = YES_AGGRESSIVE;
				GCC_WARN_UNUSED_FUNCTION = YES;
				GCC_WARN_UNUSED_VARIABLE = YES;
				IPHONEOS_DEPLOYMENT_TARGET = 16.0;
				MTL_ENABLE_DEBUG_INFO = NO;
				MTL_FAST_MATH = YES;
				SDKROOT = iphoneos;
				SWIFT_COMPILATION_MODE = wholemodule;
				SWIFT_OPTIMIZATION_LEVEL = "-O";
				VALIDATE_PRODUCT = YES;
			};
			name = Release;
		};
		EF078E3C296579E40072E248 /* Debug */ = {
			isa = XCBuildConfiguration;
			buildSettings = {
				ASSETCATALOG_COMPILER_APPICON_NAME = AppIcon;
				ASSETCATALOG_COMPILER_GLOBAL_ACCENT_COLOR_NAME = AccentColor;
				CODE_SIGN_ENTITLEMENTS = ToDoAdvanced/ToDoAdvanced.entitlements;
				CODE_SIGN_STYLE = Automatic;
				CURRENT_PROJECT_VERSION = 3;
				DEVELOPMENT_ASSET_PATHS = "\"ToDoAdvanced/Preview Content\"";
				DEVELOPMENT_TEAM = TBRLBN5H2K;
				ENABLE_PREVIEWS = YES;
				GENERATE_INFOPLIST_FILE = YES;
				INFOPLIST_FILE = ToDoAdvanced/Info.plist;
				INFOPLIST_KEY_LSApplicationCategoryType = "public.app-category.utilities";
				INFOPLIST_KEY_UIApplicationSceneManifest_Generation = YES;
				INFOPLIST_KEY_UIApplicationSupportsIndirectInputEvents = YES;
				INFOPLIST_KEY_UILaunchScreen_Generation = YES;
				INFOPLIST_KEY_UISupportedInterfaceOrientations = UIInterfaceOrientationPortrait;
				INFOPLIST_KEY_UISupportedInterfaceOrientations_iPad = "UIInterfaceOrientationPortrait UIInterfaceOrientationPortraitUpsideDown";
				IPHONEOS_DEPLOYMENT_TARGET = 16.0;
				LD_RUNPATH_SEARCH_PATHS = (
					"$(inherited)",
					"@executable_path/Frameworks",
				);
				MARKETING_VERSION = 1.1;
				PRODUCT_BUNDLE_IDENTIFIER = com.keyhanmortezaeifar.ToDoAdvanced;
				PRODUCT_NAME = "$(TARGET_NAME)";
				SWIFT_EMIT_LOC_STRINGS = YES;
				SWIFT_VERSION = 5.0;
				TARGETED_DEVICE_FAMILY = "1,2";
			};
			name = Debug;
		};
		EF078E3D296579E40072E248 /* Release */ = {
			isa = XCBuildConfiguration;
			buildSettings = {
				ASSETCATALOG_COMPILER_APPICON_NAME = AppIcon;
				ASSETCATALOG_COMPILER_GLOBAL_ACCENT_COLOR_NAME = AccentColor;
				CODE_SIGN_ENTITLEMENTS = ToDoAdvanced/ToDoAdvanced.entitlements;
				CODE_SIGN_STYLE = Automatic;
				CURRENT_PROJECT_VERSION = 3;
				DEVELOPMENT_ASSET_PATHS = "\"ToDoAdvanced/Preview Content\"";
				DEVELOPMENT_TEAM = TBRLBN5H2K;
				ENABLE_PREVIEWS = YES;
				GENERATE_INFOPLIST_FILE = YES;
				INFOPLIST_FILE = ToDoAdvanced/Info.plist;
				INFOPLIST_KEY_LSApplicationCategoryType = "public.app-category.utilities";
				INFOPLIST_KEY_UIApplicationSceneManifest_Generation = YES;
				INFOPLIST_KEY_UIApplicationSupportsIndirectInputEvents = YES;
				INFOPLIST_KEY_UILaunchScreen_Generation = YES;
				INFOPLIST_KEY_UISupportedInterfaceOrientations = UIInterfaceOrientationPortrait;
				INFOPLIST_KEY_UISupportedInterfaceOrientations_iPad = "UIInterfaceOrientationPortrait UIInterfaceOrientationPortraitUpsideDown";
				IPHONEOS_DEPLOYMENT_TARGET = 16.0;
				LD_RUNPATH_SEARCH_PATHS = (
					"$(inherited)",
					"@executable_path/Frameworks",
				);
				MARKETING_VERSION = 1.1;
				PRODUCT_BUNDLE_IDENTIFIER = com.keyhanmortezaeifar.ToDoAdvanced;
				PRODUCT_NAME = "$(TARGET_NAME)";
				SWIFT_EMIT_LOC_STRINGS = YES;
				SWIFT_VERSION = 5.0;
				TARGETED_DEVICE_FAMILY = "1,2";
			};
			name = Release;
		};
		EFB828432A642A69004E88FB /* Debug */ = {
			isa = XCBuildConfiguration;
			buildSettings = {
				BUNDLE_LOADER = "$(TEST_HOST)";
				CODE_SIGN_STYLE = Automatic;
				CURRENT_PROJECT_VERSION = 1;
				DEVELOPMENT_TEAM = TBRLBN5H2K;
				FRAMEWORK_SEARCH_PATHS = "$(PLATFORM_DIR)/Developer/Library/Frameworks";
				GENERATE_INFOPLIST_FILE = YES;
				IPHONEOS_DEPLOYMENT_TARGET = 16.4;
				MARKETING_VERSION = 1.0;
				PRODUCT_BUNDLE_IDENTIFIER = com.keyhanmortezaeifar.ToDoAdvancedTests;
				PRODUCT_NAME = "$(TARGET_NAME)";
				SWIFT_EMIT_LOC_STRINGS = NO;
				SWIFT_VERSION = 5.0;
				TARGETED_DEVICE_FAMILY = "1,2";
				TEST_HOST = "$(BUILT_PRODUCTS_DIR)/ToDoAdvanced.app/$(BUNDLE_EXECUTABLE_FOLDER_PATH)/ToDoAdvanced";
			};
			name = Debug;
		};
		EFB828442A642A69004E88FB /* Release */ = {
			isa = XCBuildConfiguration;
			buildSettings = {
				BUNDLE_LOADER = "$(TEST_HOST)";
				CODE_SIGN_STYLE = Automatic;
				CURRENT_PROJECT_VERSION = 1;
				DEVELOPMENT_TEAM = TBRLBN5H2K;
				FRAMEWORK_SEARCH_PATHS = "$(PLATFORM_DIR)/Developer/Library/Frameworks";
				GENERATE_INFOPLIST_FILE = YES;
				IPHONEOS_DEPLOYMENT_TARGET = 16.4;
				MARKETING_VERSION = 1.0;
				PRODUCT_BUNDLE_IDENTIFIER = com.keyhanmortezaeifar.ToDoAdvancedTests;
				PRODUCT_NAME = "$(TARGET_NAME)";
				SWIFT_EMIT_LOC_STRINGS = NO;
				SWIFT_VERSION = 5.0;
				TARGETED_DEVICE_FAMILY = "1,2";
				TEST_HOST = "$(BUILT_PRODUCTS_DIR)/ToDoAdvanced.app/$(BUNDLE_EXECUTABLE_FOLDER_PATH)/ToDoAdvanced";
			};
			name = Release;
		};
/* End XCBuildConfiguration section */

/* Begin XCConfigurationList section */
		EF078E0D296579E30072E248 /* Build configuration list for PBXProject "ToDoAdvanced" */ = {
			isa = XCConfigurationList;
			buildConfigurations = (
				EF078E39296579E40072E248 /* Debug */,
				EF078E3A296579E40072E248 /* Release */,
			);
			defaultConfigurationIsVisible = 0;
			defaultConfigurationName = Release;
		};
		EF078E3B296579E40072E248 /* Build configuration list for PBXNativeTarget "ToDoAdvanced" */ = {
			isa = XCConfigurationList;
			buildConfigurations = (
				EF078E3C296579E40072E248 /* Debug */,
				EF078E3D296579E40072E248 /* Release */,
			);
			defaultConfigurationIsVisible = 0;
			defaultConfigurationName = Release;
		};
		EFB828422A642A69004E88FB /* Build configuration list for PBXNativeTarget "ToDoAdvancedTests" */ = {
			isa = XCConfigurationList;
			buildConfigurations = (
				EFB828432A642A69004E88FB /* Debug */,
				EFB828442A642A69004E88FB /* Release */,
			);
			defaultConfigurationIsVisible = 0;
			defaultConfigurationName = Release;
		};
/* End XCConfigurationList section */

/* Begin XCVersionGroup section */
		EF078E20296579E40072E248 /* ToDoAdvanced.xcdatamodeld */ = {
			isa = XCVersionGroup;
			children = (
				EF078E21296579E40072E248 /* ToDoAdvanced.xcdatamodel */,
			);
			currentVersion = EF078E21296579E40072E248 /* ToDoAdvanced.xcdatamodel */;
			path = ToDoAdvanced.xcdatamodeld;
			sourceTree = "<group>";
			versionGroupType = wrapper.xcdatamodel;
		};
/* End XCVersionGroup section */
	};
	rootObject = EF078E0A296579E30072E248 /* Project object */;
}
